// !$*UTF8*$!
{
	archiveVersion = 1;
	classes = {
	};
	objectVersion = 56;
	objects = {

/* Begin PBXBuildFile section */
		A0850E5E2B618BB5003ABD78 /* swifty_companionApp.swift in Sources */ = {isa = PBXBuildFile; fileRef = A0850E5D2B618BB5003ABD78 /* swifty_companionApp.swift */; };
		A0850E602B618BB5003ABD78 /* ContentView.swift in Sources */ = {isa = PBXBuildFile; fileRef = A0850E5F2B618BB5003ABD78 /* ContentView.swift */; };
		A0850E622B618BBB003ABD78 /* Assets.xcassets in Resources */ = {isa = PBXBuildFile; fileRef = A0850E612B618BBB003ABD78 /* Assets.xcassets */; };
		A0850E652B618BBB003ABD78 /* Preview Assets.xcassets in Resources */ = {isa = PBXBuildFile; fileRef = A0850E642B618BBB003ABD78 /* Preview Assets.xcassets */; };
		A0850E6F2B618BBC003ABD78 /* swifty_companionTests.swift in Sources */ = {isa = PBXBuildFile; fileRef = A0850E6E2B618BBC003ABD78 /* swifty_companionTests.swift */; };
		A0850E792B618BBC003ABD78 /* swifty_companionUITests.swift in Sources */ = {isa = PBXBuildFile; fileRef = A0850E782B618BBC003ABD78 /* swifty_companionUITests.swift */; };
		A0850E7B2B618BBC003ABD78 /* swifty_companionUITestsLaunchTests.swift in Sources */ = {isa = PBXBuildFile; fileRef = A0850E7A2B618BBC003ABD78 /* swifty_companionUITestsLaunchTests.swift */; };
/* End PBXBuildFile section */

/* Begin PBXContainerItemProxy section */
		A0850E6B2B618BBC003ABD78 /* PBXContainerItemProxy */ = {
			isa = PBXContainerItemProxy;
			containerPortal = A0850E522B618BB5003ABD78 /* Project object */;
			proxyType = 1;
			remoteGlobalIDString = A0850E592B618BB5003ABD78;
			remoteInfo = "swifty-companion";
		};
		A0850E752B618BBC003ABD78 /* PBXContainerItemProxy */ = {
			isa = PBXContainerItemProxy;
			containerPortal = A0850E522B618BB5003ABD78 /* Project object */;
			proxyType = 1;
			remoteGlobalIDString = A0850E592B618BB5003ABD78;
			remoteInfo = "swifty-companion";
		};
/* End PBXContainerItemProxy section */

/* Begin PBXFileReference section */
		A0850E5A2B618BB5003ABD78 /* swifty-companion.app */ = {isa = PBXFileReference; explicitFileType = wrapper.application; includeInIndex = 0; path = "swifty-companion.app"; sourceTree = BUILT_PRODUCTS_DIR; };
		A0850E5D2B618BB5003ABD78 /* swifty_companionApp.swift */ = {isa = PBXFileReference; lastKnownFileType = sourcecode.swift; path = swifty_companionApp.swift; sourceTree = "<group>"; };
		A0850E5F2B618BB5003ABD78 /* ContentView.swift */ = {isa = PBXFileReference; lastKnownFileType = sourcecode.swift; path = ContentView.swift; sourceTree = "<group>"; };
		A0850E612B618BBB003ABD78 /* Assets.xcassets */ = {isa = PBXFileReference; lastKnownFileType = folder.assetcatalog; path = Assets.xcassets; sourceTree = "<group>"; };
		A0850E642B618BBB003ABD78 /* Preview Assets.xcassets */ = {isa = PBXFileReference; lastKnownFileType = folder.assetcatalog; path = "Preview Assets.xcassets"; sourceTree = "<group>"; };
		A0850E6A2B618BBC003ABD78 /* swifty-companionTests.xctest */ = {isa = PBXFileReference; explicitFileType = wrapper.cfbundle; includeInIndex = 0; path = "swifty-companionTests.xctest"; sourceTree = BUILT_PRODUCTS_DIR; };
		A0850E6E2B618BBC003ABD78 /* swifty_companionTests.swift */ = {isa = PBXFileReference; lastKnownFileType = sourcecode.swift; path = swifty_companionTests.swift; sourceTree = "<group>"; };
		A0850E742B618BBC003ABD78 /* swifty-companionUITests.xctest */ = {isa = PBXFileReference; explicitFileType = wrapper.cfbundle; includeInIndex = 0; path = "swifty-companionUITests.xctest"; sourceTree = BUILT_PRODUCTS_DIR; };
		A0850E782B618BBC003ABD78 /* swifty_companionUITests.swift */ = {isa = PBXFileReference; lastKnownFileType = sourcecode.swift; path = swifty_companionUITests.swift; sourceTree = "<group>"; };
		A0850E7A2B618BBC003ABD78 /* swifty_companionUITestsLaunchTests.swift */ = {isa = PBXFileReference; lastKnownFileType = sourcecode.swift; path = swifty_companionUITestsLaunchTests.swift; sourceTree = "<group>"; };
/* End PBXFileReference section */

/* Begin PBXFrameworksBuildPhase section */
		A0850E572B618BB5003ABD78 /* Frameworks */ = {
			isa = PBXFrameworksBuildPhase;
			buildActionMask = 2147483647;
			files = (
			);
			runOnlyForDeploymentPostprocessing = 0;
		};
		A0850E672B618BBC003ABD78 /* Frameworks */ = {
			isa = PBXFrameworksBuildPhase;
			buildActionMask = 2147483647;
			files = (
			);
			runOnlyForDeploymentPostprocessing = 0;
		};
		A0850E712B618BBC003ABD78 /* Frameworks */ = {
			isa = PBXFrameworksBuildPhase;
			buildActionMask = 2147483647;
			files = (
			);
			runOnlyForDeploymentPostprocessing = 0;
		};
/* End PBXFrameworksBuildPhase section */

/* Begin PBXGroup section */
		A0850E512B618BB5003ABD78 = {
			isa = PBXGroup;
			children = (
				A0850E5C2B618BB5003ABD78 /* swifty-companion */,
				A0850E6D2B618BBC003ABD78 /* swifty-companionTests */,
				A0850E772B618BBC003ABD78 /* swifty-companionUITests */,
				A0850E5B2B618BB5003ABD78 /* Products */,
			);
			sourceTree = "<group>";
		};
		A0850E5B2B618BB5003ABD78 /* Products */ = {
			isa = PBXGroup;
			children = (
				A0850E5A2B618BB5003ABD78 /* swifty-companion.app */,
				A0850E6A2B618BBC003ABD78 /* swifty-companionTests.xctest */,
				A0850E742B618BBC003ABD78 /* swifty-companionUITests.xctest */,
			);
			name = Products;
			sourceTree = "<group>";
		};
		A0850E5C2B618BB5003ABD78 /* swifty-companion */ = {
			isa = PBXGroup;
			children = (
				A0850E5D2B618BB5003ABD78 /* swifty_companionApp.swift */,
				A0850E5F2B618BB5003ABD78 /* ContentView.swift */,
				A0850E612B618BBB003ABD78 /* Assets.xcassets */,
				A0850E632B618BBB003ABD78 /* Preview Content */,
			);
			path = "swifty-companion";
			sourceTree = "<group>";
		};
		A0850E632B618BBB003ABD78 /* Preview Content */ = {
			isa = PBXGroup;
			children = (
				A0850E642B618BBB003ABD78 /* Preview Assets.xcassets */,
			);
			path = "Preview Content";
			sourceTree = "<group>";
		};
		A0850E6D2B618BBC003ABD78 /* swifty-companionTests */ = {
			isa = PBXGroup;
			children = (
				A0850E6E2B618BBC003ABD78 /* swifty_companionTests.swift */,
			);
			path = "swifty-companionTests";
			sourceTree = "<group>";
		};
		A0850E772B618BBC003ABD78 /* swifty-companionUITests */ = {
			isa = PBXGroup;
			children = (
				A0850E782B618BBC003ABD78 /* swifty_companionUITests.swift */,
				A0850E7A2B618BBC003ABD78 /* swifty_companionUITestsLaunchTests.swift */,
			);
			path = "swifty-companionUITests";
			sourceTree = "<group>";
		};
/* End PBXGroup section */

/* Begin PBXNativeTarget section */
		A0850E592B618BB5003ABD78 /* swifty-companion */ = {
			isa = PBXNativeTarget;
			buildConfigurationList = A0850E7E2B618BBC003ABD78 /* Build configuration list for PBXNativeTarget "swifty-companion" */;
			buildPhases = (
				A0850E562B618BB5003ABD78 /* Sources */,
				A0850E572B618BB5003ABD78 /* Frameworks */,
				A0850E582B618BB5003ABD78 /* Resources */,
			);
			buildRules = (
			);
			dependencies = (
			);
			name = "swifty-companion";
			productName = "swifty-companion";
			productReference = A0850E5A2B618BB5003ABD78 /* swifty-companion.app */;
			productType = "com.apple.product-type.application";
		};
		A0850E692B618BBC003ABD78 /* swifty-companionTests */ = {
			isa = PBXNativeTarget;
			buildConfigurationList = A0850E812B618BBC003ABD78 /* Build configuration list for PBXNativeTarget "swifty-companionTests" */;
			buildPhases = (
				A0850E662B618BBC003ABD78 /* Sources */,
				A0850E672B618BBC003ABD78 /* Frameworks */,
				A0850E682B618BBC003ABD78 /* Resources */,
			);
			buildRules = (
			);
			dependencies = (
				A0850E6C2B618BBC003ABD78 /* PBXTargetDependency */,
			);
			name = "swifty-companionTests";
			productName = "swifty-companionTests";
			productReference = A0850E6A2B618BBC003ABD78 /* swifty-companionTests.xctest */;
			productType = "com.apple.product-type.bundle.unit-test";
		};
		A0850E732B618BBC003ABD78 /* swifty-companionUITests */ = {
			isa = PBXNativeTarget;
			buildConfigurationList = A0850E842B618BBC003ABD78 /* Build configuration list for PBXNativeTarget "swifty-companionUITests" */;
			buildPhases = (
				A0850E702B618BBC003ABD78 /* Sources */,
				A0850E712B618BBC003ABD78 /* Frameworks */,
				A0850E722B618BBC003ABD78 /* Resources */,
			);
			buildRules = (
			);
			dependencies = (
				A0850E762B618BBC003ABD78 /* PBXTargetDependency */,
			);
			name = "swifty-companionUITests";
			productName = "swifty-companionUITests";
			productReference = A0850E742B618BBC003ABD78 /* swifty-companionUITests.xctest */;
			productType = "com.apple.product-type.bundle.ui-testing";
		};
/* End PBXNativeTarget section */

/* Begin PBXProject section */
		A0850E522B618BB5003ABD78 /* Project object */ = {
			isa = PBXProject;
			attributes = {
				BuildIndependentTargetsInParallel = 1;
				LastSwiftUpdateCheck = 1520;
				LastUpgradeCheck = 1520;
				TargetAttributes = {
					A0850E592B618BB5003ABD78 = {
						CreatedOnToolsVersion = 15.2;
					};
					A0850E692B618BBC003ABD78 = {
						CreatedOnToolsVersion = 15.2;
						TestTargetID = A0850E592B618BB5003ABD78;
					};
					A0850E732B618BBC003ABD78 = {
						CreatedOnToolsVersion = 15.2;
						TestTargetID = A0850E592B618BB5003ABD78;
					};
				};
			};
			buildConfigurationList = A0850E552B618BB5003ABD78 /* Build configuration list for PBXProject "swifty-companion" */;
			compatibilityVersion = "Xcode 14.0";
			developmentRegion = en;
			hasScannedForEncodings = 0;
			knownRegions = (
				en,
				Base,
			);
			mainGroup = A0850E512B618BB5003ABD78;
			productRefGroup = A0850E5B2B618BB5003ABD78 /* Products */;
			projectDirPath = "";
			projectRoot = "";
			targets = (
				A0850E592B618BB5003ABD78 /* swifty-companion */,
				A0850E692B618BBC003ABD78 /* swifty-companionTests */,
				A0850E732B618BBC003ABD78 /* swifty-companionUITests */,
			);
		};
/* End PBXProject section */

/* Begin PBXResourcesBuildPhase section */
		A0850E582B618BB5003ABD78 /* Resources */ = {
			isa = PBXResourcesBuildPhase;
			buildActionMask = 2147483647;
			files = (
				A0850E652B618BBB003ABD78 /* Preview Assets.xcassets in Resources */,
				A0850E622B618BBB003ABD78 /* Assets.xcassets in Resources */,
			);
			runOnlyForDeploymentPostprocessing = 0;
		};
		A0850E682B618BBC003ABD78 /* Resources */ = {
			isa = PBXResourcesBuildPhase;
			buildActionMask = 2147483647;
			files = (
			);
			runOnlyForDeploymentPostprocessing = 0;
		};
		A0850E722B618BBC003ABD78 /* Resources */ = {
			isa = PBXResourcesBuildPhase;
			buildActionMask = 2147483647;
			files = (
			);
			runOnlyForDeploymentPostprocessing = 0;
		};
/* End PBXResourcesBuildPhase section */

/* Begin PBXSourcesBuildPhase section */
		A0850E562B618BB5003ABD78 /* Sources */ = {
			isa = PBXSourcesBuildPhase;
			buildActionMask = 2147483647;
			files = (
				A0850E602B618BB5003ABD78 /* ContentView.swift in Sources */,
				A0850E5E2B618BB5003ABD78 /* swifty_companionApp.swift in Sources */,
			);
			runOnlyForDeploymentPostprocessing = 0;
		};
		A0850E662B618BBC003ABD78 /* Sources */ = {
			isa = PBXSourcesBuildPhase;
			buildActionMask = 2147483647;
			files = (
				A0850E6F2B618BBC003ABD78 /* swifty_companionTests.swift in Sources */,
			);
			runOnlyForDeploymentPostprocessing = 0;
		};
		A0850E702B618BBC003ABD78 /* Sources */ = {
			isa = PBXSourcesBuildPhase;
			buildActionMask = 2147483647;
			files = (
				A0850E792B618BBC003ABD78 /* swifty_companionUITests.swift in Sources */,
				A0850E7B2B618BBC003ABD78 /* swifty_companionUITestsLaunchTests.swift in Sources */,
			);
			runOnlyForDeploymentPostprocessing = 0;
		};
/* End PBXSourcesBuildPhase section */

/* Begin PBXTargetDependency section */
		A0850E6C2B618BBC003ABD78 /* PBXTargetDependency */ = {
			isa = PBXTargetDependency;
			target = A0850E592B618BB5003ABD78 /* swifty-companion */;
			targetProxy = A0850E6B2B618BBC003ABD78 /* PBXContainerItemProxy */;
		};
		A0850E762B618BBC003ABD78 /* PBXTargetDependency */ = {
			isa = PBXTargetDependency;
			target = A0850E592B618BB5003ABD78 /* swifty-companion */;
			targetProxy = A0850E752B618BBC003ABD78 /* PBXContainerItemProxy */;
		};
/* End PBXTargetDependency section */

/* Begin XCBuildConfiguration section */
		A0850E7C2B618BBC003ABD78 /* Debug */ = {
			isa = XCBuildConfiguration;
			buildSettings = {
				ALWAYS_SEARCH_USER_PATHS = NO;
				ASSETCATALOG_COMPILER_GENERATE_SWIFT_ASSET_SYMBOL_EXTENSIONS = YES;
				CLANG_ANALYZER_NONNULL = YES;
				CLANG_ANALYZER_NUMBER_OBJECT_CONVERSION = YES_AGGRESSIVE;
				CLANG_CXX_LANGUAGE_STANDARD = "gnu++20";
				CLANG_ENABLE_MODULES = YES;
				CLANG_ENABLE_OBJC_ARC = YES;
				CLANG_ENABLE_OBJC_WEAK = YES;
				CLANG_WARN_BLOCK_CAPTURE_AUTORELEASING = YES;
				CLANG_WARN_BOOL_CONVERSION = YES;
				CLANG_WARN_COMMA = YES;
				CLANG_WARN_CONSTANT_CONVERSION = YES;
				CLANG_WARN_DEPRECATED_OBJC_IMPLEMENTATIONS = YES;
				CLANG_WARN_DIRECT_OBJC_ISA_USAGE = YES_ERROR;
				CLANG_WARN_DOCUMENTATION_COMMENTS = YES;
				CLANG_WARN_EMPTY_BODY = YES;
				CLANG_WARN_ENUM_CONVERSION = YES;
				CLANG_WARN_INFINITE_RECURSION = YES;
				CLANG_WARN_INT_CONVERSION = YES;
				CLANG_WARN_NON_LITERAL_NULL_CONVERSION = YES;
				CLANG_WARN_OBJC_IMPLICIT_RETAIN_SELF = YES;
				CLANG_WARN_OBJC_LITERAL_CONVERSION = YES;
				CLANG_WARN_OBJC_ROOT_CLASS = YES_ERROR;
				CLANG_WARN_QUOTED_INCLUDE_IN_FRAMEWORK_HEADER = YES;
				CLANG_WARN_RANGE_LOOP_ANALYSIS = YES;
				CLANG_WARN_STRICT_PROTOTYPES = YES;
				CLANG_WARN_SUSPICIOUS_MOVE = YES;
				CLANG_WARN_UNGUARDED_AVAILABILITY = YES_AGGRESSIVE;
				CLANG_WARN_UNREACHABLE_CODE = YES;
				CLANG_WARN__DUPLICATE_METHOD_MATCH = YES;
				COPY_PHASE_STRIP = NO;
				DEBUG_INFORMATION_FORMAT = dwarf;
				ENABLE_STRICT_OBJC_MSGSEND = YES;
				ENABLE_TESTABILITY = YES;
				ENABLE_USER_SCRIPT_SANDBOXING = YES;
				GCC_C_LANGUAGE_STANDARD = gnu17;
				GCC_DYNAMIC_NO_PIC = NO;
				GCC_NO_COMMON_BLOCKS = YES;
				GCC_OPTIMIZATION_LEVEL = 0;
				GCC_PREPROCESSOR_DEFINITIONS = (
					"DEBUG=1",
					"$(inherited)",
				);
				GCC_WARN_64_TO_32_BIT_CONVERSION = YES;
				GCC_WARN_ABOUT_RETURN_TYPE = YES_ERROR;
				GCC_WARN_UNDECLARED_SELECTOR = YES;
				GCC_WARN_UNINITIALIZED_AUTOS = YES_AGGRESSIVE;
				GCC_WARN_UNUSED_FUNCTION = YES;
				GCC_WARN_UNUSED_VARIABLE = YES;
				IPHONEOS_DEPLOYMENT_TARGET = 17.2;
				LOCALIZATION_PREFERS_STRING_CATALOGS = YES;
				MTL_ENABLE_DEBUG_INFO = INCLUDE_SOURCE;
				MTL_FAST_MATH = YES;
				ONLY_ACTIVE_ARCH = YES;
				SDKROOT = iphoneos;
				SWIFT_ACTIVE_COMPILATION_CONDITIONS = "DEBUG $(inherited)";
				SWIFT_OPTIMIZATION_LEVEL = "-Onone";
			};
			name = Debug;
		};
		A0850E7D2B618BBC003ABD78 /* Release */ = {
			isa = XCBuildConfiguration;
			buildSettings = {
				ALWAYS_SEARCH_USER_PATHS = NO;
				ASSETCATALOG_COMPILER_GENERATE_SWIFT_ASSET_SYMBOL_EXTENSIONS = YES;
				CLANG_ANALYZER_NONNULL = YES;
				CLANG_ANALYZER_NUMBER_OBJECT_CONVERSION = YES_AGGRESSIVE;
				CLANG_CXX_LANGUAGE_STANDARD = "gnu++20";
				CLANG_ENABLE_MODULES = YES;
				CLANG_ENABLE_OBJC_ARC = YES;
				CLANG_ENABLE_OBJC_WEAK = YES;
				CLANG_WARN_BLOCK_CAPTURE_AUTORELEASING = YES;
				CLANG_WARN_BOOL_CONVERSION = YES;
				CLANG_WARN_COMMA = YES;
				CLANG_WARN_CONSTANT_CONVERSION = YES;
				CLANG_WARN_DEPRECATED_OBJC_IMPLEMENTATIONS = YES;
				CLANG_WARN_DIRECT_OBJC_ISA_USAGE = YES_ERROR;
				CLANG_WARN_DOCUMENTATION_COMMENTS = YES;
				CLANG_WARN_EMPTY_BODY = YES;
				CLANG_WARN_ENUM_CONVERSION = YES;
				CLANG_WARN_INFINITE_RECURSION = YES;
				CLANG_WARN_INT_CONVERSION = YES;
				CLANG_WARN_NON_LITERAL_NULL_CONVERSION = YES;
				CLANG_WARN_OBJC_IMPLICIT_RETAIN_SELF = YES;
				CLANG_WARN_OBJC_LITERAL_CONVERSION = YES;
				CLANG_WARN_OBJC_ROOT_CLASS = YES_ERROR;
				CLANG_WARN_QUOTED_INCLUDE_IN_FRAMEWORK_HEADER = YES;
				CLANG_WARN_RANGE_LOOP_ANALYSIS = YES;
				CLANG_WARN_STRICT_PROTOTYPES = YES;
				CLANG_WARN_SUSPICIOUS_MOVE = YES;
				CLANG_WARN_UNGUARDED_AVAILABILITY = YES_AGGRESSIVE;
				CLANG_WARN_UNREACHABLE_CODE = YES;
				CLANG_WARN__DUPLICATE_METHOD_MATCH = YES;
				COPY_PHASE_STRIP = NO;
				DEBUG_INFORMATION_FORMAT = "dwarf-with-dsym";
				ENABLE_NS_ASSERTIONS = NO;
				ENABLE_STRICT_OBJC_MSGSEND = YES;
				ENABLE_USER_SCRIPT_SANDBOXING = YES;
				GCC_C_LANGUAGE_STANDARD = gnu17;
				GCC_NO_COMMON_BLOCKS = YES;
				GCC_WARN_64_TO_32_BIT_CONVERSION = YES;
				GCC_WARN_ABOUT_RETURN_TYPE = YES_ERROR;
				GCC_WARN_UNDECLARED_SELECTOR = YES;
				GCC_WARN_UNINITIALIZED_AUTOS = YES_AGGRESSIVE;
				GCC_WARN_UNUSED_FUNCTION = YES;
				GCC_WARN_UNUSED_VARIABLE = YES;
				IPHONEOS_DEPLOYMENT_TARGET = 17.2;
				LOCALIZATION_PREFERS_STRING_CATALOGS = YES;
				MTL_ENABLE_DEBUG_INFO = NO;
				MTL_FAST_MATH = YES;
				SDKROOT = iphoneos;
				SWIFT_COMPILATION_MODE = wholemodule;
				VALIDATE_PRODUCT = YES;
			};
			name = Release;
		};
		A0850E7F2B618BBC003ABD78 /* Debug */ = {
			isa = XCBuildConfiguration;
			buildSettings = {
				ASSETCATALOG_COMPILER_APPICON_NAME = AppIcon;
				ASSETCATALOG_COMPILER_GLOBAL_ACCENT_COLOR_NAME = AccentColor;
				CODE_SIGN_STYLE = Automatic;
				CURRENT_PROJECT_VERSION = 1;
				DEVELOPMENT_ASSET_PATHS = "\"swifty-companion/Preview Content\"";
				ENABLE_PREVIEWS = YES;
				GENERATE_INFOPLIST_FILE = YES;
				INFOPLIST_KEY_UIApplicationSceneManifest_Generation = YES;
				INFOPLIST_KEY_UIApplicationSupportsIndirectInputEvents = YES;
				INFOPLIST_KEY_UILaunchScreen_Generation = YES;
				INFOPLIST_KEY_UISupportedInterfaceOrientations_iPad = "UIInterfaceOrientationPortrait UIInterfaceOrientationPortraitUpsideDown UIInterfaceOrientationLandscapeLeft UIInterfaceOrientationLandscapeRight";
				INFOPLIST_KEY_UISupportedInterfaceOrientations_iPhone = "UIInterfaceOrientationPortrait UIInterfaceOrientationLandscapeLeft UIInterfaceOrientationLandscapeRight";
				LD_RUNPATH_SEARCH_PATHS = (
					"$(inherited)",
					"@executable_path/Frameworks",
				);
				MARKETING_VERSION = 1.0;
				PRODUCT_BUNDLE_IDENTIFIER = "Billy-Greg.swifty-companion";
				PRODUCT_NAME = "$(TARGET_NAME)";
				SWIFT_EMIT_LOC_STRINGS = YES;
				SWIFT_VERSION = 5.0;
				TARGETED_DEVICE_FAMILY = "1,2";
			};
			name = Debug;
		};
		A0850E802B618BBC003ABD78 /* Release */ = {
			isa = XCBuildConfiguration;
			buildSettings = {
				ASSETCATALOG_COMPILER_APPICON_NAME = AppIcon;
				ASSETCATALOG_COMPILER_GLOBAL_ACCENT_COLOR_NAME = AccentColor;
				CODE_SIGN_STYLE = Automatic;
				CURRENT_PROJECT_VERSION = 1;
				DEVELOPMENT_ASSET_PATHS = "\"swifty-companion/Preview Content\"";
				ENABLE_PREVIEWS = YES;
				GENERATE_INFOPLIST_FILE = YES;
				INFOPLIST_KEY_UIApplicationSceneManifest_Generation = YES;
				INFOPLIST_KEY_UIApplicationSupportsIndirectInputEvents = YES;
				INFOPLIST_KEY_UILaunchScreen_Generation = YES;
				INFOPLIST_KEY_UISupportedInterfaceOrientations_iPad = "UIInterfaceOrientationPortrait UIInterfaceOrientationPortraitUpsideDown UIInterfaceOrientationLandscapeLeft UIInterfaceOrientationLandscapeRight";
				INFOPLIST_KEY_UISupportedInterfaceOrientations_iPhone = "UIInterfaceOrientationPortrait UIInterfaceOrientationLandscapeLeft UIInterfaceOrientationLandscapeRight";
				LD_RUNPATH_SEARCH_PATHS = (
					"$(inherited)",
					"@executable_path/Frameworks",
				);
				MARKETING_VERSION = 1.0;
				PRODUCT_BUNDLE_IDENTIFIER = "Billy-Greg.swifty-companion";
				PRODUCT_NAME = "$(TARGET_NAME)";
				SWIFT_EMIT_LOC_STRINGS = YES;
				SWIFT_VERSION = 5.0;
				TARGETED_DEVICE_FAMILY = "1,2";
			};
			name = Release;
		};
		A0850E822B618BBC003ABD78 /* Debug */ = {
			isa = XCBuildConfiguration;
			buildSettings = {
				ALWAYS_EMBED_SWIFT_STANDARD_LIBRARIES = YES;
				BUNDLE_LOADER = "$(TEST_HOST)";
				CODE_SIGN_STYLE = Automatic;
				CURRENT_PROJECT_VERSION = 1;
				GENERATE_INFOPLIST_FILE = YES;
				IPHONEOS_DEPLOYMENT_TARGET = 17.2;
				MARKETING_VERSION = 1.0;
				PRODUCT_BUNDLE_IDENTIFIER = "Billy-Greg.swifty-companionTests";
				PRODUCT_NAME = "$(TARGET_NAME)";
				SWIFT_EMIT_LOC_STRINGS = NO;
				SWIFT_VERSION = 5.0;
				TARGETED_DEVICE_FAMILY = "1,2";
				TEST_HOST = "$(BUILT_PRODUCTS_DIR)/swifty-companion.app/$(BUNDLE_EXECUTABLE_FOLDER_PATH)/swifty-companion";
			};
			name = Debug;
		};
		A0850E832B618BBC003ABD78 /* Release */ = {
			isa = XCBuildConfiguration;
			buildSettings = {
				ALWAYS_EMBED_SWIFT_STANDARD_LIBRARIES = YES;
				BUNDLE_LOADER = "$(TEST_HOST)";
				CODE_SIGN_STYLE = Automatic;
				CURRENT_PROJECT_VERSION = 1;
				GENERATE_INFOPLIST_FILE = YES;
				IPHONEOS_DEPLOYMENT_TARGET = 17.2;
				MARKETING_VERSION = 1.0;
				PRODUCT_BUNDLE_IDENTIFIER = "Billy-Greg.swifty-companionTests";
				PRODUCT_NAME = "$(TARGET_NAME)";
				SWIFT_EMIT_LOC_STRINGS = NO;
				SWIFT_VERSION = 5.0;
				TARGETED_DEVICE_FAMILY = "1,2";
				TEST_HOST = "$(BUILT_PRODUCTS_DIR)/swifty-companion.app/$(BUNDLE_EXECUTABLE_FOLDER_PATH)/swifty-companion";
			};
			name = Release;
		};
		A0850E852B618BBC003ABD78 /* Debug */ = {
			isa = XCBuildConfiguration;
			buildSettings = {
				ALWAYS_EMBED_SWIFT_STANDARD_LIBRARIES = YES;
				CODE_SIGN_STYLE = Automatic;
				CURRENT_PROJECT_VERSION = 1;
				GENERATE_INFOPLIST_FILE = YES;
				MARKETING_VERSION = 1.0;
				PRODUCT_BUNDLE_IDENTIFIER = "Billy-Greg.swifty-companionUITests";
				PRODUCT_NAME = "$(TARGET_NAME)";
				SWIFT_EMIT_LOC_STRINGS = NO;
				SWIFT_VERSION = 5.0;
				TARGETED_DEVICE_FAMILY = "1,2";
				TEST_TARGET_NAME = "swifty-companion";
			};
			name = Debug;
		};
		A0850E862B618BBC003ABD78 /* Release */ = {
			isa = XCBuildConfiguration;
			buildSettings = {
				ALWAYS_EMBED_SWIFT_STANDARD_LIBRARIES = YES;
				CODE_SIGN_STYLE = Automatic;
				CURRENT_PROJECT_VERSION = 1;
				GENERATE_INFOPLIST_FILE = YES;
				MARKETING_VERSION = 1.0;
				PRODUCT_BUNDLE_IDENTIFIER = "Billy-Greg.swifty-companionUITests";
				PRODUCT_NAME = "$(TARGET_NAME)";
				SWIFT_EMIT_LOC_STRINGS = NO;
				SWIFT_VERSION = 5.0;
				TARGETED_DEVICE_FAMILY = "1,2";
				TEST_TARGET_NAME = "swifty-companion";
			};
			name = Release;
		};
/* End XCBuildConfiguration section */

/* Begin XCConfigurationList section */
		A0850E552B618BB5003ABD78 /* Build configuration list for PBXProject "swifty-companion" */ = {
			isa = XCConfigurationList;
			buildConfigurations = (
				A0850E7C2B618BBC003ABD78 /* Debug */,
				A0850E7D2B618BBC003ABD78 /* Release */,
			);
			defaultConfigurationIsVisible = 0;
			defaultConfigurationName = Release;
		};
		A0850E7E2B618BBC003ABD78 /* Build configuration list for PBXNativeTarget "swifty-companion" */ = {
			isa = XCConfigurationList;
			buildConfigurations = (
				A0850E7F2B618BBC003ABD78 /* Debug */,
				A0850E802B618BBC003ABD78 /* Release */,
			);
			defaultConfigurationIsVisible = 0;
			defaultConfigurationName = Release;
		};
		A0850E812B618BBC003ABD78 /* Build configuration list for PBXNativeTarget "swifty-companionTests" */ = {
			isa = XCConfigurationList;
			buildConfigurations = (
				A0850E822B618BBC003ABD78 /* Debug */,
				A0850E832B618BBC003ABD78 /* Release */,
			);
			defaultConfigurationIsVisible = 0;
			defaultConfigurationName = Release;
		};
		A0850E842B618BBC003ABD78 /* Build configuration list for PBXNativeTarget "swifty-companionUITests" */ = {
			isa = XCConfigurationList;
			buildConfigurations = (
				A0850E852B618BBC003ABD78 /* Debug */,
				A0850E862B618BBC003ABD78 /* Release */,
			);
			defaultConfigurationIsVisible = 0;
			defaultConfigurationName = Release;
		};
/* End XCConfigurationList section */
	};
	rootObject = A0850E522B618BB5003ABD78 /* Project object */;
}
